
Microsoft Visual Studio Solution File, Format Version 12.00
# Visual Studio 15
VisualStudioVersion = 15.0.28307.757
MinimumVisualStudioVersion = 10.0.40219.1
Project("{FAE04EC0-301F-11D3-BF4B-00C04F79EFBC}") = "Microsoft.Teams.Apps.FAQPlusPlus.Configuration", "Microsoft.Teams.Apps.FAQPlusPlus.Configuration\Microsoft.Teams.Apps.FAQPlusPlus.Configuration.csproj", "{FB347EC9-3571-43D2-9D54-3C14EA9E47BF}"
EndProject
Project("{9A19103F-16F7-4668-BE54-9A1E7A4F7556}") = "Microsoft.Teams.Apps.FAQPlusPlus", "Microsoft.Teams.Apps.FAQPlusPlus\Microsoft.Teams.Apps.FAQPlusPlus.csproj", "{055149A6-01FF-4C2A-8CD5-DD0061A28CD8}"
EndProject
Project("{9A19103F-16F7-4668-BE54-9A1E7A4F7556}") = "Microsoft.Teams.Apps.FAQPlusPlus.Common", "Microsoft.Teams.Apps.FAQPlusPlus.Common\Microsoft.Teams.Apps.FAQPlusPlus.Common.csproj", "{DAF9540B-13CB-4875-A6E0-5997BDF2F73F}"
EndProject
Global
	GlobalSection(SolutionConfigurationPlatforms) = preSolution
		Debug|Any CPU = Debug|Any CPU
		Release|Any CPU = Release|Any CPU
	EndGlobalSection
	GlobalSection(ProjectConfigurationPlatforms) = postSolution
		{FB347EC9-3571-43D2-9D54-3C14EA9E47BF}.Debug|Any CPU.ActiveCfg = Debug|Any CPU
		{FB347EC9-3571-43D2-9D54-3C14EA9E47BF}.Debug|Any CPU.Build.0 = Debug|Any CPU
		{FB347EC9-3571-43D2-9D54-3C14EA9E47BF}.Release|Any CPU.ActiveCfg = Release|Any CPU
		{FB347EC9-3571-43D2-9D54-3C14EA9E47BF}.Release|Any CPU.Build.0 = Release|Any CPU
		{055149A6-01FF-4C2A-8CD5-DD0061A28CD8}.Debug|Any CPU.ActiveCfg = Debug|Any CPU
		{055149A6-01FF-4C2A-8CD5-DD0061A28CD8}.Debug|Any CPU.Build.0 = Debug|Any CPU
		{055149A6-01FF-4C2A-8CD5-DD0061A28CD8}.Release|Any CPU.ActiveCfg = Release|Any CPU
		{055149A6-01FF-4C2A-8CD5-DD0061A28CD8}.Release|Any CPU.Build.0 = Release|Any CPU
		{DAF9540B-13CB-4875-A6E0-5997BDF2F73F}.Debug|Any CPU.ActiveCfg = Debug|Any CPU
		{DAF9540B-13CB-4875-A6E0-5997BDF2F73F}.Debug|Any CPU.Build.0 = Debug|Any CPU
		{DAF9540B-13CB-4875-A6E0-5997BDF2F73F}.Release|Any CPU.ActiveCfg = Release|Any CPU
		{DAF9540B-13CB-4875-A6E0-5997BDF2F73F}.Release|Any CPU.Build.0 = Release|Any CPU
	EndGlobalSection
	GlobalSection(SolutionProperties) = preSolution
		HideSolutionNode = FALSE
	EndGlobalSection
	GlobalSection(ExtensibilityGlobals) = postSolution
		SolutionGuid = {AE9A5450-534B-4417-9BE8-EE0C95657BD0}
	EndGlobalSection
EndGlobal
